{
  "name": "hackarena-api-ts",
  "version": "1.0.0",
  "lockfileVersion": 3,
  "requires": true,
  "packages": {
    "": {
      "name": "hackarena-api-ts",
      "version": "1.0.0",
      "license": "ISC",
      "dependencies": {
        "hackarena-api-ts": "file:"
      }
    },
    "node_modules/hackarena-api-ts": {
      "resolved": "",
      "link": true
    }
  }
}
